
Microsoft Visual Studio Solution File, Format Version 12.00
# Visual Studio 15
VisualStudioVersion = 15.0.27428.2043
MinimumVisualStudioVersion = 10.0.40219.1
Project("{FAE04EC0-301F-11D3-BF4B-00C04F79EFBC}") = "Bookmarker.API", "Bookmarker.API\Bookmarker.API.csproj", "{E8D5CF18-D1C6-43D0-A45B-602B5D4E114E}"
EndProject
Project("{FAE04EC0-301F-11D3-BF4B-00C04F79EFBC}") = "Models", "Models\Models.csproj", "{25EE342F-904E-4EB5-B36E-4A94082F994B}"
EndProject
Project("{FAE04EC0-301F-11D3-BF4B-00C04F79EFBC}") = "Repositories", "Repositories\Repositories.csproj", "{BD44AFE4-B60F-406D-BBAE-4801D6185144}"
EndProject
Project("{FAE04EC0-301F-11D3-BF4B-00C04F79EFBC}") = "Test", "Test\Test.csproj", "{F9D9058C-C637-4DCD-8713-74E1275F20AC}"
EndProject
Global
	GlobalSection(SolutionConfigurationPlatforms) = preSolution
		Debug|Any CPU = Debug|Any CPU
		Release|Any CPU = Release|Any CPU
	EndGlobalSection
	GlobalSection(ProjectConfigurationPlatforms) = postSolution
		{E8D5CF18-D1C6-43D0-A45B-602B5D4E114E}.Debug|Any CPU.ActiveCfg = Debug|Any CPU
		{E8D5CF18-D1C6-43D0-A45B-602B5D4E114E}.Debug|Any CPU.Build.0 = Debug|Any CPU
		{E8D5CF18-D1C6-43D0-A45B-602B5D4E114E}.Release|Any CPU.ActiveCfg = Release|Any CPU
		{E8D5CF18-D1C6-43D0-A45B-602B5D4E114E}.Release|Any CPU.Build.0 = Release|Any CPU
		{25EE342F-904E-4EB5-B36E-4A94082F994B}.Debug|Any CPU.ActiveCfg = Debug|Any CPU
		{25EE342F-904E-4EB5-B36E-4A94082F994B}.Debug|Any CPU.Build.0 = Debug|Any CPU
		{25EE342F-904E-4EB5-B36E-4A94082F994B}.Release|Any CPU.ActiveCfg = Release|Any CPU
		{25EE342F-904E-4EB5-B36E-4A94082F994B}.Release|Any CPU.Build.0 = Release|Any CPU
		{BD44AFE4-B60F-406D-BBAE-4801D6185144}.Debug|Any CPU.ActiveCfg = Debug|Any CPU
		{BD44AFE4-B60F-406D-BBAE-4801D6185144}.Debug|Any CPU.Build.0 = Debug|Any CPU
		{BD44AFE4-B60F-406D-BBAE-4801D6185144}.Release|Any CPU.ActiveCfg = Release|Any CPU
		{BD44AFE4-B60F-406D-BBAE-4801D6185144}.Release|Any CPU.Build.0 = Release|Any CPU
		{F9D9058C-C637-4DCD-8713-74E1275F20AC}.Debug|Any CPU.ActiveCfg = Debug|Any CPU
		{F9D9058C-C637-4DCD-8713-74E1275F20AC}.Debug|Any CPU.Build.0 = Debug|Any CPU
		{F9D9058C-C637-4DCD-8713-74E1275F20AC}.Release|Any CPU.ActiveCfg = Release|Any CPU
		{F9D9058C-C637-4DCD-8713-74E1275F20AC}.Release|Any CPU.Build.0 = Release|Any CPU
	EndGlobalSection
	GlobalSection(SolutionProperties) = preSolution
		HideSolutionNode = FALSE
	EndGlobalSection
	GlobalSection(ExtensibilityGlobals) = postSolution
		SolutionGuid = {3675972A-1E77-4283-826E-B06CFAAB9066}
	EndGlobalSection
EndGlobal
