
Microsoft Visual Studio Solution File, Format Version 12.00
# Visual Studio 15
VisualStudioVersion = 15.0.27428.2043
MinimumVisualStudioVersion = 10.0.40219.1
Project("{FAE04EC0-301F-11D3-BF4B-00C04F79EFBC}") = "Bookmarker.API", "Bookmarker.API\Bookmarker.API.csproj", "{E8D5CF18-D1C6-43D0-A45B-602B5D4E114E}"
EndProject
Project("{FAE04EC0-301F-11D3-BF4B-00C04F79EFBC}") = "Bookmarker.Models", "Bookmarker.Models\Bookmarker.Models.csproj", "{1F8CA80A-0684-4DEE-9531-4548C2A50732}"
EndProject
Project("{FAE04EC0-301F-11D3-BF4B-00C04F79EFBC}") = "Bookmarker.Repositories", "Bookmarker.Repositories\Bookmarker.Repositories.csproj", "{CB0C1047-54FC-4B30-867B-5BF352D157E6}"
EndProject
Project("{FAE04EC0-301F-11D3-BF4B-00C04F79EFBC}") = "Bookmarker.Test", "Bookmarker.Test\Bookmarker.Test.csproj", "{4BAE8603-66C8-4B2B-9639-F049B83265F3}"
EndProject
Project("{FAE04EC0-301F-11D3-BF4B-00C04F79EFBC}") = "Bookmarker.Services", "Bookmarker.Services\Bookmarker.Services.csproj", "{D5E1F5BB-1FCB-4ED4-8029-DF7AA0C43697}"
EndProject
Global
	GlobalSection(SolutionConfigurationPlatforms) = preSolution
		Debug|Any CPU = Debug|Any CPU
		Release|Any CPU = Release|Any CPU
	EndGlobalSection
	GlobalSection(ProjectConfigurationPlatforms) = postSolution
		{E8D5CF18-D1C6-43D0-A45B-602B5D4E114E}.Debug|Any CPU.ActiveCfg = Debug|Any CPU
		{E8D5CF18-D1C6-43D0-A45B-602B5D4E114E}.Debug|Any CPU.Build.0 = Debug|Any CPU
		{E8D5CF18-D1C6-43D0-A45B-602B5D4E114E}.Release|Any CPU.ActiveCfg = Release|Any CPU
		{E8D5CF18-D1C6-43D0-A45B-602B5D4E114E}.Release|Any CPU.Build.0 = Release|Any CPU
		{1F8CA80A-0684-4DEE-9531-4548C2A50732}.Debug|Any CPU.ActiveCfg = Debug|Any CPU
		{1F8CA80A-0684-4DEE-9531-4548C2A50732}.Debug|Any CPU.Build.0 = Debug|Any CPU
		{1F8CA80A-0684-4DEE-9531-4548C2A50732}.Release|Any CPU.ActiveCfg = Release|Any CPU
		{1F8CA80A-0684-4DEE-9531-4548C2A50732}.Release|Any CPU.Build.0 = Release|Any CPU
		{CB0C1047-54FC-4B30-867B-5BF352D157E6}.Debug|Any CPU.ActiveCfg = Debug|Any CPU
		{CB0C1047-54FC-4B30-867B-5BF352D157E6}.Debug|Any CPU.Build.0 = Debug|Any CPU
		{CB0C1047-54FC-4B30-867B-5BF352D157E6}.Release|Any CPU.ActiveCfg = Release|Any CPU
		{CB0C1047-54FC-4B30-867B-5BF352D157E6}.Release|Any CPU.Build.0 = Release|Any CPU
		{4BAE8603-66C8-4B2B-9639-F049B83265F3}.Debug|Any CPU.ActiveCfg = Debug|Any CPU
		{4BAE8603-66C8-4B2B-9639-F049B83265F3}.Debug|Any CPU.Build.0 = Debug|Any CPU
		{4BAE8603-66C8-4B2B-9639-F049B83265F3}.Release|Any CPU.ActiveCfg = Release|Any CPU
		{4BAE8603-66C8-4B2B-9639-F049B83265F3}.Release|Any CPU.Build.0 = Release|Any CPU
		{D5E1F5BB-1FCB-4ED4-8029-DF7AA0C43697}.Debug|Any CPU.ActiveCfg = Debug|Any CPU
		{D5E1F5BB-1FCB-4ED4-8029-DF7AA0C43697}.Debug|Any CPU.Build.0 = Debug|Any CPU
		{D5E1F5BB-1FCB-4ED4-8029-DF7AA0C43697}.Release|Any CPU.ActiveCfg = Release|Any CPU
		{D5E1F5BB-1FCB-4ED4-8029-DF7AA0C43697}.Release|Any CPU.Build.0 = Release|Any CPU
	EndGlobalSection
	GlobalSection(SolutionProperties) = preSolution
		HideSolutionNode = FALSE
	EndGlobalSection
	GlobalSection(ExtensibilityGlobals) = postSolution
		SolutionGuid = {3675972A-1E77-4283-826E-B06CFAAB9066}
	EndGlobalSection
EndGlobal
